// !$*UTF8*$!
{
	archiveVersion = 1;
	classes = {
	};
	objectVersion = 48;
	objects = {

/* Begin PBXBuildFile section */
		B4482B85201167FD00E93394 /* AppDelegate.swift in Sources */ = {isa = PBXBuildFile; fileRef = B4482B84201167FD00E93394 /* AppDelegate.swift */; };
		B4482B87201167FD00E93394 /* ViewController.swift in Sources */ = {isa = PBXBuildFile; fileRef = B4482B86201167FD00E93394 /* ViewController.swift */; };
		B4482B8A201167FD00E93394 /* Main.storyboard in Resources */ = {isa = PBXBuildFile; fileRef = B4482B88201167FD00E93394 /* Main.storyboard */; };
		B4482B8D201167FD00E93394 /* Find_My_Area.xcdatamodeld in Sources */ = {isa = PBXBuildFile; fileRef = B4482B8B201167FD00E93394 /* Find_My_Area.xcdatamodeld */; };
		B4482B8F201167FD00E93394 /* Assets.xcassets in Resources */ = {isa = PBXBuildFile; fileRef = B4482B8E201167FD00E93394 /* Assets.xcassets */; };
		B4482B92201167FD00E93394 /* LaunchScreen.storyboard in Resources */ = {isa = PBXBuildFile; fileRef = B4482B90201167FD00E93394 /* LaunchScreen.storyboard */; };
/* End PBXBuildFile section */

/* Begin PBXFileReference section */
		B4482B81201167FD00E93394 /* Find My Area.app */ = {isa = PBXFileReference; explicitFileType = wrapper.application; includeInIndex = 0; path = "Find My Area.app"; sourceTree = BUILT_PRODUCTS_DIR; };
		B4482B84201167FD00E93394 /* AppDelegate.swift */ = {isa = PBXFileReference; lastKnownFileType = sourcecode.swift; path = AppDelegate.swift; sourceTree = "<group>"; };
		B4482B86201167FD00E93394 /* ViewController.swift */ = {isa = PBXFileReference; lastKnownFileType = sourcecode.swift; path = ViewController.swift; sourceTree = "<group>"; };
		B4482B89201167FD00E93394 /* Base */ = {isa = PBXFileReference; lastKnownFileType = file.storyboard; name = Base; path = Base.lproj/Main.storyboard; sourceTree = "<group>"; };
		B4482B8C201167FD00E93394 /* Find_My_Area.xcdatamodel */ = {isa = PBXFileReference; lastKnownFileType = wrapper.xcdatamodel; path = Find_My_Area.xcdatamodel; sourceTree = "<group>"; };
		B4482B8E201167FD00E93394 /* Assets.xcassets */ = {isa = PBXFileReference; lastKnownFileType = folder.assetcatalog; path = Assets.xcassets; sourceTree = "<group>"; };
		B4482B91201167FD00E93394 /* Base */ = {isa = PBXFileReference; lastKnownFileType = file.storyboard; name = Base; path = Base.lproj/LaunchScreen.storyboard; sourceTree = "<group>"; };
		B4482B93201167FD00E93394 /* Info.plist */ = {isa = PBXFileReference; lastKnownFileType = text.plist.xml; path = Info.plist; sourceTree = "<group>"; };
/* End PBXFileReference section */

/* Begin PBXFrameworksBuildPhase section */
		B4482B7E201167FD00E93394 /* Frameworks */ = {
			isa = PBXFrameworksBuildPhase;
			buildActionMask = 2147483647;
			files = (
			);
			runOnlyForDeploymentPostprocessing = 0;
		};
/* End PBXFrameworksBuildPhase section */

/* Begin PBXGroup section */
		B4482B78201167FD00E93394 = {
			isa = PBXGroup;
			children = (
				B4482B83201167FD00E93394 /* Find My Area */,
				B4482B82201167FD00E93394 /* Products */,
			);
			sourceTree = "<group>";
		};
		B4482B82201167FD00E93394 /* Products */ = {
			isa = PBXGroup;
			children = (
				B4482B81201167FD00E93394 /* Find My Area.app */,
			);
			name = Products;
			sourceTree = "<group>";
		};
		B4482B83201167FD00E93394 /* Find My Area */ = {
			isa = PBXGroup;
			children = (
				B4482B84201167FD00E93394 /* AppDelegate.swift */,
				B4482B86201167FD00E93394 /* ViewController.swift */,
				B4482B88201167FD00E93394 /* Main.storyboard */,
				B4482B8E201167FD00E93394 /* Assets.xcassets */,
				B4482B90201167FD00E93394 /* LaunchScreen.storyboard */,
				B4482B93201167FD00E93394 /* Info.plist */,
				B4482B8B201167FD00E93394 /* Find_My_Area.xcdatamodeld */,
			);
			path = "Find My Area";
			sourceTree = "<group>";
		};
/* End PBXGroup section */

/* Begin PBXNativeTarget section */
		B4482B80201167FD00E93394 /* Find My Area */ = {
			isa = PBXNativeTarget;
			buildConfigurationList = B4482B96201167FD00E93394 /* Build configuration list for PBXNativeTarget "Find My Area" */;
			buildPhases = (
				B4482B7D201167FD00E93394 /* Sources */,
				B4482B7E201167FD00E93394 /* Frameworks */,
				B4482B7F201167FD00E93394 /* Resources */,
			);
			buildRules = (
			);
			dependencies = (
			);
			name = "Find My Area";
			productName = "Find My Area";
			productReference = B4482B81201167FD00E93394 /* Find My Area.app */;
			productType = "com.apple.product-type.application";
		};
/* End PBXNativeTarget section */

/* Begin PBXProject section */
		B4482B79201167FD00E93394 /* Project object */ = {
			isa = PBXProject;
			attributes = {
				LastSwiftUpdateCheck = 0920;
				LastUpgradeCheck = 0920;
				ORGANIZATIONNAME = "Jihun Kang";
				TargetAttributes = {
					B4482B80201167FD00E93394 = {
						CreatedOnToolsVersion = 9.2;
						ProvisioningStyle = Automatic;
					};
				};
			};
			buildConfigurationList = B4482B7C201167FD00E93394 /* Build configuration list for PBXProject "Find My Area" */;
			compatibilityVersion = "Xcode 8.0";
			developmentRegion = en;
			hasScannedForEncodings = 0;
			knownRegions = (
				en,
				Base,
			);
			mainGroup = B4482B78201167FD00E93394;
			productRefGroup = B4482B82201167FD00E93394 /* Products */;
			projectDirPath = "";
			projectRoot = "";
			targets = (
				B4482B80201167FD00E93394 /* Find My Area */,
			);
		};
/* End PBXProject section */

/* Begin PBXResourcesBuildPhase section */
		B4482B7F201167FD00E93394 /* Resources */ = {
			isa = PBXResourcesBuildPhase;
			buildActionMask = 2147483647;
			files = (
				B4482B92201167FD00E93394 /* LaunchScreen.storyboard in Resources */,
				B4482B8F201167FD00E93394 /* Assets.xcassets in Resources */,
				B4482B8A201167FD00E93394 /* Main.storyboard in Resources */,
			);
			runOnlyForDeploymentPostprocessing = 0;
		};
/* End PBXResourcesBuildPhase section */

/* Begin PBXSourcesBuildPhase section */
		B4482B7D201167FD00E93394 /* Sources */ = {
			isa = PBXSourcesBuildPhase;
			buildActionMask = 2147483647;
			files = (
				B4482B87201167FD00E93394 /* ViewController.swift in Sources */,
				B4482B85201167FD00E93394 /* AppDelegate.swift in Sources */,
				B4482B8D201167FD00E93394 /* Find_My_Area.xcdatamodeld in Sources */,
			);
			runOnlyForDeploymentPostprocessing = 0;
		};
/* End PBXSourcesBuildPhase section */

/* Begin PBXVariantGroup section */
		B4482B88201167FD00E93394 /* Main.storyboard */ = {
			isa = PBXVariantGroup;
			children = (
				B4482B89201167FD00E93394 /* Base */,
			);
			name = Main.storyboard;
			sourceTree = "<group>";
		};
		B4482B90201167FD00E93394 /* LaunchScreen.storyboard */ = {
			isa = PBXVariantGroup;
			children = (
				B4482B91201167FD00E93394 /* Base */,
			);
			name = LaunchScreen.storyboard;
			sourceTree = "<group>";
		};
/* End PBXVariantGroup section */

/* Begin XCBuildConfiguration section */
		B4482B94201167FD00E93394 /* Debug */ = {
			isa = XCBuildConfiguration;
			buildSettings = {
				ALWAYS_SEARCH_USER_PATHS = NO;
				CLANG_ANALYZER_NONNULL = YES;
				CLANG_ANALYZER_NUMBER_OBJECT_CONVERSION = YES_AGGRESSIVE;
				CLANG_CXX_LANGUAGE_STANDARD = "gnu++14";
				CLANG_CXX_LIBRARY = "libc++";
				CLANG_ENABLE_MODULES = YES;
				CLANG_ENABLE_OBJC_ARC = YES;
				CLANG_WARN_BLOCK_CAPTURE_AUTORELEASING = YES;
				CLANG_WARN_BOOL_CONVERSION = YES;
				CLANG_WARN_COMMA = YES;
				CLANG_WARN_CONSTANT_CONVERSION = YES;
				CLANG_WARN_DIRECT_OBJC_ISA_USAGE = YES_ERROR;
				CLANG_WARN_DOCUMENTATION_COMMENTS = YES;
				CLANG_WARN_EMPTY_BODY = YES;
				CLANG_WARN_ENUM_CONVERSION = YES;
				CLANG_WARN_INFINITE_RECURSION = YES;
				CLANG_WARN_INT_CONVERSION = YES;
				CLANG_WARN_NON_LITERAL_NULL_CONVERSION = YES;
				CLANG_WARN_OBJC_LITERAL_CONVERSION = YES;
				CLANG_WARN_OBJC_ROOT_CLASS = YES_ERROR;
				CLANG_WARN_RANGE_LOOP_ANALYSIS = YES;
				CLANG_WARN_STRICT_PROTOTYPES = YES;
				CLANG_WARN_SUSPICIOUS_MOVE = YES;
				CLANG_WARN_UNGUARDED_AVAILABILITY = YES_AGGRESSIVE;
				CLANG_WARN_UNREACHABLE_CODE = YES;
				CLANG_WARN__DUPLICATE_METHOD_MATCH = YES;
				CODE_SIGN_IDENTITY = "iPhone Developer";
				COPY_PHASE_STRIP = NO;
				DEBUG_INFORMATION_FORMAT = dwarf;
				ENABLE_STRICT_OBJC_MSGSEND = YES;
				ENABLE_TESTABILITY = YES;
				GCC_C_LANGUAGE_STANDARD = gnu11;
				GCC_DYNAMIC_NO_PIC = NO;
				GCC_NO_COMMON_BLOCKS = YES;
				GCC_OPTIMIZATION_LEVEL = 0;
				GCC_PREPROCESSOR_DEFINITIONS = (
					"DEBUG=1",
					"$(inherited)",
				);
				GCC_WARN_64_TO_32_BIT_CONVERSION = YES;
				GCC_WARN_ABOUT_RETURN_TYPE = YES_ERROR;
				GCC_WARN_UNDECLARED_SELECTOR = YES;
				GCC_WARN_UNINITIALIZED_AUTOS = YES_AGGRESSIVE;
				GCC_WARN_UNUSED_FUNCTION = YES;
				GCC_WARN_UNUSED_VARIABLE = YES;
				IPHONEOS_DEPLOYMENT_TARGET = 11.2;
				MTL_ENABLE_DEBUG_INFO = YES;
				ONLY_ACTIVE_ARCH = YES;
				SDKROOT = iphoneos;
				SWIFT_ACTIVE_COMPILATION_CONDITIONS = DEBUG;
				SWIFT_OPTIMIZATION_LEVEL = "-Onone";
			};
			name = Debug;
		};
		B4482B95201167FD00E93394 /* Release */ = {
			isa = XCBuildConfiguration;
			buildSettings = {
				ALWAYS_SEARCH_USER_PATHS = NO;
				CLANG_ANALYZER_NONNULL = YES;
				CLANG_ANALYZER_NUMBER_OBJECT_CONVERSION = YES_AGGRESSIVE;
				CLANG_CXX_LANGUAGE_STANDARD = "gnu++14";
				CLANG_CXX_LIBRARY = "libc++";
				CLANG_ENABLE_MODULES = YES;
				CLANG_ENABLE_OBJC_ARC = YES;
				CLANG_WARN_BLOCK_CAPTURE_AUTORELEASING = YES;
				CLANG_WARN_BOOL_CONVERSION = YES;
				CLANG_WARN_COMMA = YES;
				CLANG_WARN_CONSTANT_CONVERSION = YES;
				CLANG_WARN_DIRECT_OBJC_ISA_USAGE = YES_ERROR;
				CLANG_WARN_DOCUMENTATION_COMMENTS = YES;
				CLANG_WARN_EMPTY_BODY = YES;
				CLANG_WARN_ENUM_CONVERSION = YES;
				CLANG_WARN_INFINITE_RECURSION = YES;
				CLANG_WARN_INT_CONVERSION = YES;
				CLANG_WARN_NON_LITERAL_NULL_CONVERSION = YES;
				CLANG_WARN_OBJC_LITERAL_CONVERSION = YES;
				CLANG_WARN_OBJC_ROOT_CLASS = YES_ERROR;
				CLANG_WARN_RANGE_LOOP_ANALYSIS = YES;
				CLANG_WARN_STRICT_PROTOTYPES = YES;
				CLANG_WARN_SUSPICIOUS_MOVE = YES;
				CLANG_WARN_UNGUARDED_AVAILABILITY = YES_AGGRESSIVE;
				CLANG_WARN_UNREACHABLE_CODE = YES;
				CLANG_WARN__DUPLICATE_METHOD_MATCH = YES;
				CODE_SIGN_IDENTITY = "iPhone Developer";
				COPY_PHASE_STRIP = NO;
				DEBUG_INFORMATION_FORMAT = "dwarf-with-dsym";
				ENABLE_NS_ASSERTIONS = NO;
				ENABLE_STRICT_OBJC_MSGSEND = YES;
				GCC_C_LANGUAGE_STANDARD = gnu11;
				GCC_NO_COMMON_BLOCKS = YES;
				GCC_WARN_64_TO_32_BIT_CONVERSION = YES;
				GCC_WARN_ABOUT_RETURN_TYPE = YES_ERROR;
				GCC_WARN_UNDECLARED_SELECTOR = YES;
				GCC_WARN_UNINITIALIZED_AUTOS = YES_AGGRESSIVE;
				GCC_WARN_UNUSED_FUNCTION = YES;
				GCC_WARN_UNUSED_VARIABLE = YES;
				IPHONEOS_DEPLOYMENT_TARGET = 11.2;
				MTL_ENABLE_DEBUG_INFO = NO;
				SDKROOT = iphoneos;
				SWIFT_OPTIMIZATION_LEVEL = "-Owholemodule";
				VALIDATE_PRODUCT = YES;
			};
			name = Release;
		};
		B4482B97201167FD00E93394 /* Debug */ = {
			isa = XCBuildConfiguration;
			buildSettings = {
				ASSETCATALOG_COMPILER_APPICON_NAME = AppIcon;
				CODE_SIGN_STYLE = Automatic;
				INFOPLIST_FILE = "Find My Area/Info.plist";
				LD_RUNPATH_SEARCH_PATHS = "$(inherited) @executable_path/Frameworks";
				PRODUCT_BUNDLE_IDENTIFIER = "Joe.Find-My-Area";
				PRODUCT_NAME = "$(TARGET_NAME)";
				SWIFT_VERSION = 4.0;
				TARGETED_DEVICE_FAMILY = "1,2";
			};
			name = Debug;
		};
		B4482B98201167FD00E93394 /* Release */ = {
			isa = XCBuildConfiguration;
			buildSettings = {
				ASSETCATALOG_COMPILER_APPICON_NAME = AppIcon;
				CODE_SIGN_STYLE = Automatic;
				INFOPLIST_FILE = "Find My Area/Info.plist";
				LD_RUNPATH_SEARCH_PATHS = "$(inherited) @executable_path/Frameworks";
				PRODUCT_BUNDLE_IDENTIFIER = "Joe.Find-My-Area";
				PRODUCT_NAME = "$(TARGET_NAME)";
				SWIFT_VERSION = 4.0;
				TARGETED_DEVICE_FAMILY = "1,2";
			};
			name = Release;
		};
/* End XCBuildConfiguration section */

/* Begin XCConfigurationList section */
		B4482B7C201167FD00E93394 /* Build configuration list for PBXProject "Find My Area" */ = {
			isa = XCConfigurationList;
			buildConfigurations = (
				B4482B94201167FD00E93394 /* Debug */,
				B4482B95201167FD00E93394 /* Release */,
			);
			defaultConfigurationIsVisible = 0;
			defaultConfigurationName = Release;
		};
		B4482B96201167FD00E93394 /* Build configuration list for PBXNativeTarget "Find My Area" */ = {
			isa = XCConfigurationList;
			buildConfigurations = (
				B4482B97201167FD00E93394 /* Debug */,
				B4482B98201167FD00E93394 /* Release */,
			);
			defaultConfigurationIsVisible = 0;
			defaultConfigurationName = Release;
		};
/* End XCConfigurationList section */

/* Begin XCVersionGroup section */
		B4482B8B201167FD00E93394 /* Find_My_Area.xcdatamodeld */ = {
			isa = XCVersionGroup;
			children = (
				B4482B8C201167FD00E93394 /* Find_My_Area.xcdatamodel */,
			);
			currentVersion = B4482B8C201167FD00E93394 /* Find_My_Area.xcdatamodel */;
			path = Find_My_Area.xcdatamodeld;
			sourceTree = "<group>";
			versionGroupType = wrapper.xcdatamodel;
		};
/* End XCVersionGroup section */
	};
	rootObject = B4482B79201167FD00E93394 /* Project object */;
}
